{"1.1.0",
[{<<"gen_smtp">>,{pkg,<<"gen_smtp">>,<<"0.12.0">>},0},
 {<<"goldrush">>,{pkg,<<"goldrush">>,<<"0.1.9">>},1},
 {<<"hex2bin">>,{pkg,<<"hex2bin">>,<<"1.0.0">>},1},
 {<<"lager">>,{pkg,<<"lager">>,<<"3.5.1">>},0},
 {<<"odi">>,{pkg,<<"odi">>,<<"0.1.0">>},0},
 {<<"small_ints">>,{pkg,<<"small_ints">>,<<"0.1.0">>},1},
 {<<"worker_pool">>,{pkg,<<"worker_pool">>,<<"3.1.0">>},0}]}.
[
{pkg_hash,[
 {<<"gen_smtp">>, <<"97D44903F5CA18CA85CB39AEE7D9C77E98D79804BBDEF56078ADCF905CB2EF00">>},
 {<<"goldrush">>, <<"F06E5D5F1277DA5C413E84D5A2924174182FB108DABB39D5EC548B27424CD106">>},
 {<<"hex2bin">>, <<"AAC26EAB998AE80EACEE1C7607C629AB503EBF77A62B9242BAE2B94D47DCB71E">>},
 {<<"lager">>, <<"63897A61AF646C59BB928FEE9756CE8BDD02D5A1A2F3551D4A5E38386C2CC071">>},
 {<<"odi">>, <<"5F25FBDBD8BD5A76F29234910208F474CE9C835FB23E5F5317894787EBACED19">>},
 {<<"small_ints">>, <<"82A824C8794A2DDC73CB5CD00EAD11331DB296521AD16A619C13D668572B868A">>},
 {<<"worker_pool">>, <<"C908627E04057CF29940AD0E79B89AB161DB520EEBC76942EFD08A187BABF93A">>}]}
].
